# This file is automatically @generated by Cargo.
# It is not intended for manual editing.
version = 4

[[package]]
name = "compile-bench"
version = "0.1.0"
dependencies = [
 "compile-core",
]

[[package]]
name = "compile-c"
version = "0.1.0"
dependencies = [
 "compile-core",
]

[[package]]
name = "compile-core"
version = "0.1.0"

[[package]]
name = "compile-node"
version = "0.1.0"
dependencies = [
 "compile-core",
]

[[package]]
name = "compile-python"
version = "0.1.0"
dependencies = [
 "compile-core",
]

[[package]]
name = "compile-wasm"
version = "0.1.0"
dependencies = [
 "compile-core",
]

[[package]]
name = "wickra-compile"
version = "0.1.0"
dependencies = [
 "compile-core",
]
